
Microsoft Visual Studio Solution File, Format Version 12.00
# Visual Studio Version 17
VisualStudioVersion = 17.2.32516.85
MinimumVisualStudioVersion = 10.0.40219.1
Project("{FAE04EC0-301F-11D3-BF4B-00C04F79EFBC}") = "MatchGame", "MatchGame\MatchGame.csproj", "{D4F4A81E-91B1-4CAD-836D-47FD80D455FC}"
EndProject
Global
	GlobalSection(SolutionConfigurationPlatforms) = preSolution
		Debug|Any CPU = Debug|Any CPU
		Release|Any CPU = Release|Any CPU
	EndGlobalSection
	GlobalSection(ProjectConfigurationPlatforms) = postSolution
		{D4F4A81E-91B1-4CAD-836D-47FD80D455FC}.Debug|Any CPU.ActiveCfg = Debug|Any CPU
		{D4F4A81E-91B1-4CAD-836D-47FD80D455FC}.Debug|Any CPU.Build.0 = Debug|Any CPU
		{D4F4A81E-91B1-4CAD-836D-47FD80D455FC}.Release|Any CPU.ActiveCfg = Release|Any CPU
		{D4F4A81E-91B1-4CAD-836D-47FD80D455FC}.Release|Any CPU.Build.0 = Release|Any CPU
	EndGlobalSection
	GlobalSection(SolutionProperties) = preSolution
		HideSolutionNode = FALSE
	EndGlobalSection
	GlobalSection(ExtensibilityGlobals) = postSolution
		SolutionGuid = {D72E8ACB-565B-415F-9AED-23973477EA42}
	EndGlobalSection
EndGlobal
